// !$*UTF8*$!
{
	archiveVersion = 1;
	classes = {
	};
	objectVersion = 50;
	objects = {

/* Begin PBXBuildFile section */
		2E78054A219CAB140056C5A0 /* AppDelegate.swift in Sources */ = {isa = PBXBuildFile; fileRef = 2E780549219CAB140056C5A0 /* AppDelegate.swift */; };
		2E78054C219CAB140056C5A0 /* ViewController.swift in Sources */ = {isa = PBXBuildFile; fileRef = 2E78054B219CAB140056C5A0 /* ViewController.swift */; };
		2E78054F219CAB140056C5A0 /* Main.storyboard in Resources */ = {isa = PBXBuildFile; fileRef = 2E78054D219CAB140056C5A0 /* Main.storyboard */; };
		2E780551219CAB160056C5A0 /* Assets.xcassets in Resources */ = {isa = PBXBuildFile; fileRef = 2E780550219CAB160056C5A0 /* Assets.xcassets */; };
		2E780554219CAB160056C5A0 /* LaunchScreen.storyboard in Resources */ = {isa = PBXBuildFile; fileRef = 2E780552219CAB160056C5A0 /* LaunchScreen.storyboard */; };
/* End PBXBuildFile section */

/* Begin PBXFileReference section */
		2E780546219CAB140056C5A0 /* Auto Layout Practice.app */ = {isa = PBXFileReference; explicitFileType = wrapper.application; includeInIndex = 0; path = "Auto Layout Practice.app"; sourceTree = BUILT_PRODUCTS_DIR; };
		2E780549219CAB140056C5A0 /* AppDelegate.swift */ = {isa = PBXFileReference; lastKnownFileType = sourcecode.swift; path = AppDelegate.swift; sourceTree = "<group>"; };
		2E78054B219CAB140056C5A0 /* ViewController.swift */ = {isa = PBXFileReference; lastKnownFileType = sourcecode.swift; path = ViewController.swift; sourceTree = "<group>"; };
		2E78054E219CAB140056C5A0 /* Base */ = {isa = PBXFileReference; lastKnownFileType = file.storyboard; name = Base; path = Base.lproj/Main.storyboard; sourceTree = "<group>"; };
		2E780550219CAB160056C5A0 /* Assets.xcassets */ = {isa = PBXFileReference; lastKnownFileType = folder.assetcatalog; path = Assets.xcassets; sourceTree = "<group>"; };
		2E780553219CAB160056C5A0 /* Base */ = {isa = PBXFileReference; lastKnownFileType = file.storyboard; name = Base; path = Base.lproj/LaunchScreen.storyboard; sourceTree = "<group>"; };
		2E780555219CAB160056C5A0 /* Info.plist */ = {isa = PBXFileReference; lastKnownFileType = text.plist.xml; path = Info.plist; sourceTree = "<group>"; };
/* End PBXFileReference section */

/* Begin PBXFrameworksBuildPhase section */
		2E780543219CAB140056C5A0 /* Frameworks */ = {
			isa = PBXFrameworksBuildPhase;
			buildActionMask = 2147483647;
			files = (
			);
			runOnlyForDeploymentPostprocessing = 0;
		};
/* End PBXFrameworksBuildPhase section */

/* Begin PBXGroup section */
		2E78053D219CAB130056C5A0 = {
			isa = PBXGroup;
			children = (
				2E780548219CAB140056C5A0 /* Auto Layout Practice */,
				2E780547219CAB140056C5A0 /* Products */,
			);
			sourceTree = "<group>";
		};
		2E780547219CAB140056C5A0 /* Products */ = {
			isa = PBXGroup;
			children = (
				2E780546219CAB140056C5A0 /* Auto Layout Practice.app */,
			);
			name = Products;
			sourceTree = "<group>";
		};
		2E780548219CAB140056C5A0 /* Auto Layout Practice */ = {
			isa = PBXGroup;
			children = (
				2E780549219CAB140056C5A0 /* AppDelegate.swift */,
				2E78054B219CAB140056C5A0 /* ViewController.swift */,
				2E78054D219CAB140056C5A0 /* Main.storyboard */,
				2E780550219CAB160056C5A0 /* Assets.xcassets */,
				2E780552219CAB160056C5A0 /* LaunchScreen.storyboard */,
				2E780555219CAB160056C5A0 /* Info.plist */,
			);
			path = "Auto Layout Practice";
			sourceTree = "<group>";
		};
/* End PBXGroup section */

/* Begin PBXNativeTarget section */
		2E780545219CAB140056C5A0 /* Auto Layout Practice */ = {
			isa = PBXNativeTarget;
			buildConfigurationList = 2E780558219CAB160056C5A0 /* Build configuration list for PBXNativeTarget "Auto Layout Practice" */;
			buildPhases = (
				2E780542219CAB140056C5A0 /* Sources */,
				2E780543219CAB140056C5A0 /* Frameworks */,
				2E780544219CAB140056C5A0 /* Resources */,
			);
			buildRules = (
			);
			dependencies = (
			);
			name = "Auto Layout Practice";
			productName = "Auto Layout Practice";
			productReference = 2E780546219CAB140056C5A0 /* Auto Layout Practice.app */;
			productType = "com.apple.product-type.application";
		};
/* End PBXNativeTarget section */

/* Begin PBXProject section */
		2E78053E219CAB130056C5A0 /* Project object */ = {
			isa = PBXProject;
			attributes = {
				LastSwiftUpdateCheck = 1010;
				LastUpgradeCheck = 1010;
				ORGANIZATIONNAME = "Manny Yusuf";
				TargetAttributes = {
					2E780545219CAB140056C5A0 = {
						CreatedOnToolsVersion = 10.1;
					};
				};
			};
			buildConfigurationList = 2E780541219CAB130056C5A0 /* Build configuration list for PBXProject "Auto Layout Practice" */;
			compatibilityVersion = "Xcode 9.3";
			developmentRegion = en;
			hasScannedForEncodings = 0;
			knownRegions = (
				en,
				Base,
			);
			mainGroup = 2E78053D219CAB130056C5A0;
			productRefGroup = 2E780547219CAB140056C5A0 /* Products */;
			projectDirPath = "";
			projectRoot = "";
			targets = (
				2E780545219CAB140056C5A0 /* Auto Layout Practice */,
			);
		};
/* End PBXProject section */

/* Begin PBXResourcesBuildPhase section */
		2E780544219CAB140056C5A0 /* Resources */ = {
			isa = PBXResourcesBuildPhase;
			buildActionMask = 2147483647;
			files = (
				2E780554219CAB160056C5A0 /* LaunchScreen.storyboard in Resources */,
				2E780551219CAB160056C5A0 /* Assets.xcassets in Resources */,
				2E78054F219CAB140056C5A0 /* Main.storyboard in Resources */,
			);
			runOnlyForDeploymentPostprocessing = 0;
		};
/* End PBXResourcesBuildPhase section */

/* Begin PBXSourcesBuildPhase section */
		2E780542219CAB140056C5A0 /* Sources */ = {
			isa = PBXSourcesBuildPhase;
			buildActionMask = 2147483647;
			files = (
				2E78054C219CAB140056C5A0 /* ViewController.swift in Sources */,
				2E78054A219CAB140056C5A0 /* AppDelegate.swift in Sources */,
			);
			runOnlyForDeploymentPostprocessing = 0;
		};
/* End PBXSourcesBuildPhase section */

/* Begin PBXVariantGroup section */
		2E78054D219CAB140056C5A0 /* Main.storyboard */ = {
			isa = PBXVariantGroup;
			children = (
				2E78054E219CAB140056C5A0 /* Base */,
			);
			name = Main.storyboard;
			sourceTree = "<group>";
		};
		2E780552219CAB160056C5A0 /* LaunchScreen.storyboard */ = {
			isa = PBXVariantGroup;
			children = (
				2E780553219CAB160056C5A0 /* Base */,
			);
			name = LaunchScreen.storyboard;
			sourceTree = "<group>";
		};
/* End PBXVariantGroup section */

/* Begin XCBuildConfiguration section */
		2E780556219CAB160056C5A0 /* Debug */ = {
			isa = XCBuildConfiguration;
			buildSettings = {
				ALWAYS_SEARCH_USER_PATHS = NO;
				CLANG_ANALYZER_NONNULL = YES;
				CLANG_ANALYZER_NUMBER_OBJECT_CONVERSION = YES_AGGRESSIVE;
				CLANG_CXX_LANGUAGE_STANDARD = "gnu++14";
				CLANG_CXX_LIBRARY = "libc++";
				CLANG_ENABLE_MODULES = YES;
				CLANG_ENABLE_OBJC_ARC = YES;
				CLANG_ENABLE_OBJC_WEAK = YES;
				CLANG_WARN_BLOCK_CAPTURE_AUTORELEASING = YES;
				CLANG_WARN_BOOL_CONVERSION = YES;
				CLANG_WARN_COMMA = YES;
				CLANG_WARN_CONSTANT_CONVERSION = YES;
				CLANG_WARN_DEPRECATED_OBJC_IMPLEMENTATIONS = YES;
				CLANG_WARN_DIRECT_OBJC_ISA_USAGE = YES_ERROR;
				CLANG_WARN_DOCUMENTATION_COMMENTS = YES;
				CLANG_WARN_EMPTY_BODY = YES;
				CLANG_WARN_ENUM_CONVERSION = YES;
				CLANG_WARN_INFINITE_RECURSION = YES;
				CLANG_WARN_INT_CONVERSION = YES;
				CLANG_WARN_NON_LITERAL_NULL_CONVERSION = YES;
				CLANG_WARN_OBJC_IMPLICIT_RETAIN_SELF = YES;
				CLANG_WARN_OBJC_LITERAL_CONVERSION = YES;
				CLANG_WARN_OBJC_ROOT_CLASS = YES_ERROR;
				CLANG_WARN_RANGE_LOOP_ANALYSIS = YES;
				CLANG_WARN_STRICT_PROTOTYPES = YES;
				CLANG_WARN_SUSPICIOUS_MOVE = YES;
				CLANG_WARN_UNGUARDED_AVAILABILITY = YES_AGGRESSIVE;
				CLANG_WARN_UNREACHABLE_CODE = YES;
				CLANG_WARN__DUPLICATE_METHOD_MATCH = YES;
				CODE_SIGN_IDENTITY = "iPhone Developer";
				COPY_PHASE_STRIP = NO;
				DEBUG_INFORMATION_FORMAT = dwarf;
				ENABLE_STRICT_OBJC_MSGSEND = YES;
				ENABLE_TESTABILITY = YES;
				GCC_C_LANGUAGE_STANDARD = gnu11;
				GCC_DYNAMIC_NO_PIC = NO;
				GCC_NO_COMMON_BLOCKS = YES;
				GCC_OPTIMIZATION_LEVEL = 0;
				GCC_PREPROCESSOR_DEFINITIONS = (
					"DEBUG=1",
					"$(inherited)",
				);
				GCC_WARN_64_TO_32_BIT_CONVERSION = YES;
				GCC_WARN_ABOUT_RETURN_TYPE = YES_ERROR;
				GCC_WARN_UNDECLARED_SELECTOR = YES;
				GCC_WARN_UNINITIALIZED_AUTOS = YES_AGGRESSIVE;
				GCC_WARN_UNUSED_FUNCTION = YES;
				GCC_WARN_UNUSED_VARIABLE = YES;
				IPHONEOS_DEPLOYMENT_TARGET = 12.1;
				MTL_ENABLE_DEBUG_INFO = INCLUDE_SOURCE;
				MTL_FAST_MATH = YES;
				ONLY_ACTIVE_ARCH = YES;
				SDKROOT = iphoneos;
				SWIFT_ACTIVE_COMPILATION_CONDITIONS = DEBUG;
				SWIFT_OPTIMIZATION_LEVEL = "-Onone";
			};
			name = Debug;
		};
		2E780557219CAB160056C5A0 /* Release */ = {
			isa = XCBuildConfiguration;
			buildSettings = {
				ALWAYS_SEARCH_USER_PATHS = NO;
				CLANG_ANALYZER_NONNULL = YES;
				CLANG_ANALYZER_NUMBER_OBJECT_CONVERSION = YES_AGGRESSIVE;
				CLANG_CXX_LANGUAGE_STANDARD = "gnu++14";
				CLANG_CXX_LIBRARY = "libc++";
				CLANG_ENABLE_MODULES = YES;
				CLANG_ENABLE_OBJC_ARC = YES;
				CLANG_ENABLE_OBJC_WEAK = YES;
				CLANG_WARN_BLOCK_CAPTURE_AUTORELEASING = YES;
				CLANG_WARN_BOOL_CONVERSION = YES;
				CLANG_WARN_COMMA = YES;
				CLANG_WARN_CONSTANT_CONVERSION = YES;
				CLANG_WARN_DEPRECATED_OBJC_IMPLEMENTATIONS = YES;
				CLANG_WARN_DIRECT_OBJC_ISA_USAGE = YES_ERROR;
				CLANG_WARN_DOCUMENTATION_COMMENTS = YES;
				CLANG_WARN_EMPTY_BODY = YES;
				CLANG_WARN_ENUM_CONVERSION = YES;
				CLANG_WARN_INFINITE_RECURSION = YES;
				CLANG_WARN_INT_CONVERSION = YES;
				CLANG_WARN_NON_LITERAL_NULL_CONVERSION = YES;
				CLANG_WARN_OBJC_IMPLICIT_RETAIN_SELF = YES;
				CLANG_WARN_OBJC_LITERAL_CONVERSION = YES;
				CLANG_WARN_OBJC_ROOT_CLASS = YES_ERROR;
				CLANG_WARN_RANGE_LOOP_ANALYSIS = YES;
				CLANG_WARN_STRICT_PROTOTYPES = YES;
				CLANG_WARN_SUSPICIOUS_MOVE = YES;
				CLANG_WARN_UNGUARDED_AVAILABILITY = YES_AGGRESSIVE;
				CLANG_WARN_UNREACHABLE_CODE = YES;
				CLANG_WARN__DUPLICATE_METHOD_MATCH = YES;
				CODE_SIGN_IDENTITY = "iPhone Developer";
				COPY_PHASE_STRIP = NO;
				DEBUG_INFORMATION_FORMAT = "dwarf-with-dsym";
				ENABLE_NS_ASSERTIONS = NO;
				ENABLE_STRICT_OBJC_MSGSEND = YES;
				GCC_C_LANGUAGE_STANDARD = gnu11;
				GCC_NO_COMMON_BLOCKS = YES;
				GCC_WARN_64_TO_32_BIT_CONVERSION = YES;
				GCC_WARN_ABOUT_RETURN_TYPE = YES_ERROR;
				GCC_WARN_UNDECLARED_SELECTOR = YES;
				GCC_WARN_UNINITIALIZED_AUTOS = YES_AGGRESSIVE;
				GCC_WARN_UNUSED_FUNCTION = YES;
				GCC_WARN_UNUSED_VARIABLE = YES;
				IPHONEOS_DEPLOYMENT_TARGET = 12.1;
				MTL_ENABLE_DEBUG_INFO = NO;
				MTL_FAST_MATH = YES;
				SDKROOT = iphoneos;
				SWIFT_COMPILATION_MODE = wholemodule;
				SWIFT_OPTIMIZATION_LEVEL = "-O";
				VALIDATE_PRODUCT = YES;
			};
			name = Release;
		};
		2E780559219CAB160056C5A0 /* Debug */ = {
			isa = XCBuildConfiguration;
			buildSettings = {
				ASSETCATALOG_COMPILER_APPICON_NAME = AppIcon;
				CODE_SIGN_STYLE = Automatic;
				DEVELOPMENT_TEAM = TZT7J4D9W8;
				INFOPLIST_FILE = "Auto Layout Practice/Info.plist";
				LD_RUNPATH_SEARCH_PATHS = (
					"$(inherited)",
					"@executable_path/Frameworks",
				);
				PRODUCT_BUNDLE_IDENTIFIER = "Manny.Pursuit.Auto-Layout-Practice";
				PRODUCT_NAME = "$(TARGET_NAME)";
				SWIFT_VERSION = 4.2;
				TARGETED_DEVICE_FAMILY = "1,2";
			};
			name = Debug;
		};
		2E78055A219CAB160056C5A0 /* Release */ = {
			isa = XCBuildConfiguration;
			buildSettings = {
				ASSETCATALOG_COMPILER_APPICON_NAME = AppIcon;
				CODE_SIGN_STYLE = Automatic;
				DEVELOPMENT_TEAM = TZT7J4D9W8;
				INFOPLIST_FILE = "Auto Layout Practice/Info.plist";
				LD_RUNPATH_SEARCH_PATHS = (
					"$(inherited)",
					"@executable_path/Frameworks",
				);
				PRODUCT_BUNDLE_IDENTIFIER = "Manny.Pursuit.Auto-Layout-Practice";
				PRODUCT_NAME = "$(TARGET_NAME)";
				SWIFT_VERSION = 4.2;
				TARGETED_DEVICE_FAMILY = "1,2";
			};
			name = Release;
		};
/* End XCBuildConfiguration section */

/* Begin XCConfigurationList section */
		2E780541219CAB130056C5A0 /* Build configuration list for PBXProject "Auto Layout Practice" */ = {
			isa = XCConfigurationList;
			buildConfigurations = (
				2E780556219CAB160056C5A0 /* Debug */,
				2E780557219CAB160056C5A0 /* Release */,
			);
			defaultConfigurationIsVisible = 0;
			defaultConfigurationName = Release;
		};
		2E780558219CAB160056C5A0 /* Build configuration list for PBXNativeTarget "Auto Layout Practice" */ = {
			isa = XCConfigurationList;
			buildConfigurations = (
				2E780559219CAB160056C5A0 /* Debug */,
				2E78055A219CAB160056C5A0 /* Release */,
			);
			defaultConfigurationIsVisible = 0;
			defaultConfigurationName = Release;
		};
/* End XCConfigurationList section */
	};
	rootObject = 2E78053E219CAB130056C5A0 /* Project object */;
}
